
Microsoft Visual Studio Solution File, Format Version 12.00
# Visual Studio Version 17
VisualStudioVersion = 17.4.33403.182
MinimumVisualStudioVersion = 10.0.40219.1
Project("{FAE04EC0-301F-11D3-BF4B-00C04F79EFBC}") = "lab6", "lab6\lab6.csproj", "{68722591-7C68-4489-859C-A020C75B95F1}"
EndProject
Global
	GlobalSection(SolutionConfigurationPlatforms) = preSolution
		Debug|Any CPU = Debug|Any CPU
		Release|Any CPU = Release|Any CPU
	EndGlobalSection
	GlobalSection(ProjectConfigurationPlatforms) = postSolution
		{68722591-7C68-4489-859C-A020C75B95F1}.Debug|Any CPU.ActiveCfg = Debug|Any CPU
		{68722591-7C68-4489-859C-A020C75B95F1}.Debug|Any CPU.Build.0 = Debug|Any CPU
		{68722591-7C68-4489-859C-A020C75B95F1}.Release|Any CPU.ActiveCfg = Release|Any CPU
		{68722591-7C68-4489-859C-A020C75B95F1}.Release|Any CPU.Build.0 = Release|Any CPU
	EndGlobalSection
	GlobalSection(SolutionProperties) = preSolution
		HideSolutionNode = FALSE
	EndGlobalSection
	GlobalSection(ExtensibilityGlobals) = postSolution
		SolutionGuid = {465DC311-9192-49C4-842D-8BC2E80E9A26}
	EndGlobalSection
EndGlobal
